
Microsoft Visual Studio Solution File, Format Version 12.00
# Visual Studio Version 16
VisualStudioVersion = 16.0.29411.108
MinimumVisualStudioVersion = 15.0.26124.0
Project("{2150E333-8FDC-42A3-9474-1A3956D46DE8}") = "src", "src", "{1A676AAA-69D1-4200-BE90-7B37C283421E}"
EndProject
Project("{9A19103F-16F7-4668-BE54-9A1E7A4F7556}") = "Cubes.Core", "src\Cubes.Core\Cubes.Core.csproj", "{0FDF6A57-CCC1-469E-BC7E-34ACD9921847}"
EndProject
Project("{2150E333-8FDC-42A3-9474-1A3956D46DE8}") = "tests", "tests", "{356E6292-C991-4133-9AD2-54A4A3FD5B66}"
EndProject
Project("{9A19103F-16F7-4668-BE54-9A1E7A4F7556}") = "Cubes.Core.Tests", "tests\Cubes.Core.Tests\Cubes.Core.Tests.csproj", "{97BAA786-237F-4B17-A87B-F5A5047AE76C}"
EndProject
Project("{2150E333-8FDC-42A3-9474-1A3956D46DE8}") = "misc", "misc", "{5C0907B4-9822-463E-921A-8512E6C69528}"
	ProjectSection(SolutionItems) = preProject
		.editorconfig = .editorconfig
		.gitignore = .gitignore
		Cubes.Core.sln.vsspell = Cubes.Core.sln.vsspell
		README.md = README.md
		Version.txt = Version.txt
	EndProjectSection
EndProject
Project("{9A19103F-16F7-4668-BE54-9A1E7A4F7556}") = "Cubes.Host", "src\Cubes.Host\Cubes.Host.csproj", "{ACCD1D78-DA9E-471C-B1B3-981B2FEBA02D}"
EndProject
Project("{2150E333-8FDC-42A3-9474-1A3956D46DE8}") = "scripts", "scripts", "{21A91696-000F-4B49-BDC9-D3A24896BFCA}"
	ProjectSection(SolutionItems) = preProject
		scripts\build.ps1 = scripts\build.ps1
		scripts\Cubes.Bootstrap.ps1 = scripts\Cubes.Bootstrap.ps1
	EndProjectSection
EndProject
Project("{2150E333-8FDC-42A3-9474-1A3956D46DE8}") = "docs", "docs", "{F5F88370-397C-4308-ADFC-09BDE881DB85}"
	ProjectSection(SolutionItems) = preProject
		docs\Applications.Options.md = docs\Applications.Options.md
		docs\Commands.md = docs\Commands.md
		docs\Host.Configuration.md = docs\Host.Configuration.md
		docs\ReleaseProcess.md = docs\ReleaseProcess.md
		docs\UI.Elements.md = docs\UI.Elements.md
	EndProjectSection
EndProject
Project("{2150E333-8FDC-42A3-9474-1A3956D46DE8}") = "Linux", "Linux", "{74EC7A40-BCD1-408A-9845-CE0A3AB279DB}"
	ProjectSection(SolutionItems) = preProject
		docs\Linux\cubes = docs\Linux\cubes
		docs\Linux\CubesNEXT.service = docs\Linux\CubesNEXT.service
	EndProjectSection
EndProject
Project("{2150E333-8FDC-42A3-9474-1A3956D46DE8}") = "ReleaseNotes", "ReleaseNotes", "{433A0D4A-0B91-4ADC-B0CE-F35D52CE7D89}"
	ProjectSection(SolutionItems) = preProject
		docs\ReleaseNotes\Template.md = docs\ReleaseNotes\Template.md
		docs\ReleaseNotes\v5.1.3.md = docs\ReleaseNotes\v5.1.3.md
		docs\ReleaseNotes\v5.1.4.md = docs\ReleaseNotes\v5.1.4.md
	EndProjectSection
EndProject
Global
	GlobalSection(SolutionConfigurationPlatforms) = preSolution
		Debug|Any CPU = Debug|Any CPU
		Debug|x64 = Debug|x64
		Debug|x86 = Debug|x86
		Release|Any CPU = Release|Any CPU
		Release|x64 = Release|x64
		Release|x86 = Release|x86
	EndGlobalSection
	GlobalSection(ProjectConfigurationPlatforms) = postSolution
		{0FDF6A57-CCC1-469E-BC7E-34ACD9921847}.Debug|Any CPU.ActiveCfg = Debug|Any CPU
		{0FDF6A57-CCC1-469E-BC7E-34ACD9921847}.Debug|Any CPU.Build.0 = Debug|Any CPU
		{0FDF6A57-CCC1-469E-BC7E-34ACD9921847}.Debug|x64.ActiveCfg = Debug|Any CPU
		{0FDF6A57-CCC1-469E-BC7E-34ACD9921847}.Debug|x64.Build.0 = Debug|Any CPU
		{0FDF6A57-CCC1-469E-BC7E-34ACD9921847}.Debug|x86.ActiveCfg = Debug|Any CPU
		{0FDF6A57-CCC1-469E-BC7E-34ACD9921847}.Debug|x86.Build.0 = Debug|Any CPU
		{0FDF6A57-CCC1-469E-BC7E-34ACD9921847}.Release|Any CPU.ActiveCfg = Release|Any CPU
		{0FDF6A57-CCC1-469E-BC7E-34ACD9921847}.Release|Any CPU.Build.0 = Release|Any CPU
		{0FDF6A57-CCC1-469E-BC7E-34ACD9921847}.Release|x64.ActiveCfg = Release|Any CPU
		{0FDF6A57-CCC1-469E-BC7E-34ACD9921847}.Release|x64.Build.0 = Release|Any CPU
		{0FDF6A57-CCC1-469E-BC7E-34ACD9921847}.Release|x86.ActiveCfg = Release|Any CPU
		{0FDF6A57-CCC1-469E-BC7E-34ACD9921847}.Release|x86.Build.0 = Release|Any CPU
		{97BAA786-237F-4B17-A87B-F5A5047AE76C}.Debug|Any CPU.ActiveCfg = Debug|Any CPU
		{97BAA786-237F-4B17-A87B-F5A5047AE76C}.Debug|Any CPU.Build.0 = Debug|Any CPU
		{97BAA786-237F-4B17-A87B-F5A5047AE76C}.Debug|x64.ActiveCfg = Debug|Any CPU
		{97BAA786-237F-4B17-A87B-F5A5047AE76C}.Debug|x64.Build.0 = Debug|Any CPU
		{97BAA786-237F-4B17-A87B-F5A5047AE76C}.Debug|x86.ActiveCfg = Debug|Any CPU
		{97BAA786-237F-4B17-A87B-F5A5047AE76C}.Debug|x86.Build.0 = Debug|Any CPU
		{97BAA786-237F-4B17-A87B-F5A5047AE76C}.Release|Any CPU.ActiveCfg = Release|Any CPU
		{97BAA786-237F-4B17-A87B-F5A5047AE76C}.Release|Any CPU.Build.0 = Release|Any CPU
		{97BAA786-237F-4B17-A87B-F5A5047AE76C}.Release|x64.ActiveCfg = Release|Any CPU
		{97BAA786-237F-4B17-A87B-F5A5047AE76C}.Release|x64.Build.0 = Release|Any CPU
		{97BAA786-237F-4B17-A87B-F5A5047AE76C}.Release|x86.ActiveCfg = Release|Any CPU
		{97BAA786-237F-4B17-A87B-F5A5047AE76C}.Release|x86.Build.0 = Release|Any CPU
		{ACCD1D78-DA9E-471C-B1B3-981B2FEBA02D}.Debug|Any CPU.ActiveCfg = Debug|Any CPU
		{ACCD1D78-DA9E-471C-B1B3-981B2FEBA02D}.Debug|Any CPU.Build.0 = Debug|Any CPU
		{ACCD1D78-DA9E-471C-B1B3-981B2FEBA02D}.Debug|x64.ActiveCfg = Debug|Any CPU
		{ACCD1D78-DA9E-471C-B1B3-981B2FEBA02D}.Debug|x64.Build.0 = Debug|Any CPU
		{ACCD1D78-DA9E-471C-B1B3-981B2FEBA02D}.Debug|x86.ActiveCfg = Debug|Any CPU
		{ACCD1D78-DA9E-471C-B1B3-981B2FEBA02D}.Debug|x86.Build.0 = Debug|Any CPU
		{ACCD1D78-DA9E-471C-B1B3-981B2FEBA02D}.Release|Any CPU.ActiveCfg = Release|Any CPU
		{ACCD1D78-DA9E-471C-B1B3-981B2FEBA02D}.Release|Any CPU.Build.0 = Release|Any CPU
		{ACCD1D78-DA9E-471C-B1B3-981B2FEBA02D}.Release|x64.ActiveCfg = Release|Any CPU
		{ACCD1D78-DA9E-471C-B1B3-981B2FEBA02D}.Release|x64.Build.0 = Release|Any CPU
		{ACCD1D78-DA9E-471C-B1B3-981B2FEBA02D}.Release|x86.ActiveCfg = Release|Any CPU
		{ACCD1D78-DA9E-471C-B1B3-981B2FEBA02D}.Release|x86.Build.0 = Release|Any CPU
	EndGlobalSection
	GlobalSection(SolutionProperties) = preSolution
		HideSolutionNode = FALSE
	EndGlobalSection
	GlobalSection(NestedProjects) = preSolution
		{0FDF6A57-CCC1-469E-BC7E-34ACD9921847} = {1A676AAA-69D1-4200-BE90-7B37C283421E}
		{97BAA786-237F-4B17-A87B-F5A5047AE76C} = {356E6292-C991-4133-9AD2-54A4A3FD5B66}
		{ACCD1D78-DA9E-471C-B1B3-981B2FEBA02D} = {1A676AAA-69D1-4200-BE90-7B37C283421E}
		{74EC7A40-BCD1-408A-9845-CE0A3AB279DB} = {F5F88370-397C-4308-ADFC-09BDE881DB85}
		{433A0D4A-0B91-4ADC-B0CE-F35D52CE7D89} = {F5F88370-397C-4308-ADFC-09BDE881DB85}
	EndGlobalSection
	GlobalSection(ExtensibilityGlobals) = postSolution
		SolutionGuid = {B76577B1-BE46-4AFD-9822-244124C362DB}
	EndGlobalSection
EndGlobal
