
Microsoft Visual Studio Solution File, Format Version 12.00
# Visual Studio 15
VisualStudioVersion = 15.0.26124.0
MinimumVisualStudioVersion = 15.0.26124.0
Project("{2150E333-8FDC-42A3-9474-1A3956D46DE8}") = "src", "src", "{1A676AAA-69D1-4200-BE90-7B37C283421E}"
EndProject
Project("{9A19103F-16F7-4668-BE54-9A1E7A4F7556}") = "Cubes.Core", "src\Cubes.Core\Cubes.Core.csproj", "{0FDF6A57-CCC1-469E-BC7E-34ACD9921847}"
EndProject
Project("{2150E333-8FDC-42A3-9474-1A3956D46DE8}") = "tests", "tests", "{356E6292-C991-4133-9AD2-54A4A3FD5B66}"
EndProject
Project("{9A19103F-16F7-4668-BE54-9A1E7A4F7556}") = "Cubes.Core.Tests", "tests\Cubes.Core.Tests\Cubes.Core.Tests.csproj", "{97BAA786-237F-4B17-A87B-F5A5047AE76C}"
EndProject
Project("{2150E333-8FDC-42A3-9474-1A3956D46DE8}") = "misc", "misc", "{5C0907B4-9822-463E-921A-8512E6C69528}"
	ProjectSection(SolutionItems) = preProject
		.editorconfig = .editorconfig
	EndProjectSection
EndProject
Project("{9A19103F-16F7-4668-BE54-9A1E7A4F7556}") = "Cubes.Host", "src\Cubes.Host\Cubes.Host.csproj", "{ACCD1D78-DA9E-471C-B1B3-981B2FEBA02D}"
EndProject
Project("{9A19103F-16F7-4668-BE54-9A1E7A4F7556}") = "Cubes.Web", "src\Cubes.Web\Cubes.Web.csproj", "{D308A043-7119-4CBD-AFDD-6BAF77607826}"
EndProject
Project("{2150E333-8FDC-42A3-9474-1A3956D46DE8}") = "scripts", "scripts", "{21A91696-000F-4B49-BDC9-D3A24896BFCA}"
	ProjectSection(SolutionItems) = preProject
		scripts\build.sh = scripts\build.sh
	EndProjectSection
EndProject
Project("{2150E333-8FDC-42A3-9474-1A3956D46DE8}") = "documents", "documents", "{F5F88370-397C-4308-ADFC-09BDE881DB85}"
	ProjectSection(SolutionItems) = preProject
		documents\Commands.md = documents\Commands.md
	EndProjectSection
EndProject
Global
	GlobalSection(SolutionConfigurationPlatforms) = preSolution
		Debug|Any CPU = Debug|Any CPU
		Debug|x64 = Debug|x64
		Debug|x86 = Debug|x86
		Release|Any CPU = Release|Any CPU
		Release|x64 = Release|x64
		Release|x86 = Release|x86
	EndGlobalSection
	GlobalSection(ProjectConfigurationPlatforms) = postSolution
		{0FDF6A57-CCC1-469E-BC7E-34ACD9921847}.Debug|Any CPU.ActiveCfg = Debug|Any CPU
		{0FDF6A57-CCC1-469E-BC7E-34ACD9921847}.Debug|Any CPU.Build.0 = Debug|Any CPU
		{0FDF6A57-CCC1-469E-BC7E-34ACD9921847}.Debug|x64.ActiveCfg = Debug|Any CPU
		{0FDF6A57-CCC1-469E-BC7E-34ACD9921847}.Debug|x64.Build.0 = Debug|Any CPU
		{0FDF6A57-CCC1-469E-BC7E-34ACD9921847}.Debug|x86.ActiveCfg = Debug|Any CPU
		{0FDF6A57-CCC1-469E-BC7E-34ACD9921847}.Debug|x86.Build.0 = Debug|Any CPU
		{0FDF6A57-CCC1-469E-BC7E-34ACD9921847}.Release|Any CPU.ActiveCfg = Release|Any CPU
		{0FDF6A57-CCC1-469E-BC7E-34ACD9921847}.Release|Any CPU.Build.0 = Release|Any CPU
		{0FDF6A57-CCC1-469E-BC7E-34ACD9921847}.Release|x64.ActiveCfg = Release|Any CPU
		{0FDF6A57-CCC1-469E-BC7E-34ACD9921847}.Release|x64.Build.0 = Release|Any CPU
		{0FDF6A57-CCC1-469E-BC7E-34ACD9921847}.Release|x86.ActiveCfg = Release|Any CPU
		{0FDF6A57-CCC1-469E-BC7E-34ACD9921847}.Release|x86.Build.0 = Release|Any CPU
		{97BAA786-237F-4B17-A87B-F5A5047AE76C}.Debug|Any CPU.ActiveCfg = Debug|Any CPU
		{97BAA786-237F-4B17-A87B-F5A5047AE76C}.Debug|Any CPU.Build.0 = Debug|Any CPU
		{97BAA786-237F-4B17-A87B-F5A5047AE76C}.Debug|x64.ActiveCfg = Debug|Any CPU
		{97BAA786-237F-4B17-A87B-F5A5047AE76C}.Debug|x64.Build.0 = Debug|Any CPU
		{97BAA786-237F-4B17-A87B-F5A5047AE76C}.Debug|x86.ActiveCfg = Debug|Any CPU
		{97BAA786-237F-4B17-A87B-F5A5047AE76C}.Debug|x86.Build.0 = Debug|Any CPU
		{97BAA786-237F-4B17-A87B-F5A5047AE76C}.Release|Any CPU.ActiveCfg = Release|Any CPU
		{97BAA786-237F-4B17-A87B-F5A5047AE76C}.Release|Any CPU.Build.0 = Release|Any CPU
		{97BAA786-237F-4B17-A87B-F5A5047AE76C}.Release|x64.ActiveCfg = Release|Any CPU
		{97BAA786-237F-4B17-A87B-F5A5047AE76C}.Release|x64.Build.0 = Release|Any CPU
		{97BAA786-237F-4B17-A87B-F5A5047AE76C}.Release|x86.ActiveCfg = Release|Any CPU
		{97BAA786-237F-4B17-A87B-F5A5047AE76C}.Release|x86.Build.0 = Release|Any CPU
		{ACCD1D78-DA9E-471C-B1B3-981B2FEBA02D}.Debug|Any CPU.ActiveCfg = Debug|Any CPU
		{ACCD1D78-DA9E-471C-B1B3-981B2FEBA02D}.Debug|Any CPU.Build.0 = Debug|Any CPU
		{ACCD1D78-DA9E-471C-B1B3-981B2FEBA02D}.Debug|x64.ActiveCfg = Debug|Any CPU
		{ACCD1D78-DA9E-471C-B1B3-981B2FEBA02D}.Debug|x64.Build.0 = Debug|Any CPU
		{ACCD1D78-DA9E-471C-B1B3-981B2FEBA02D}.Debug|x86.ActiveCfg = Debug|Any CPU
		{ACCD1D78-DA9E-471C-B1B3-981B2FEBA02D}.Debug|x86.Build.0 = Debug|Any CPU
		{ACCD1D78-DA9E-471C-B1B3-981B2FEBA02D}.Release|Any CPU.ActiveCfg = Release|Any CPU
		{ACCD1D78-DA9E-471C-B1B3-981B2FEBA02D}.Release|Any CPU.Build.0 = Release|Any CPU
		{ACCD1D78-DA9E-471C-B1B3-981B2FEBA02D}.Release|x64.ActiveCfg = Release|Any CPU
		{ACCD1D78-DA9E-471C-B1B3-981B2FEBA02D}.Release|x64.Build.0 = Release|Any CPU
		{ACCD1D78-DA9E-471C-B1B3-981B2FEBA02D}.Release|x86.ActiveCfg = Release|Any CPU
		{ACCD1D78-DA9E-471C-B1B3-981B2FEBA02D}.Release|x86.Build.0 = Release|Any CPU
		{D308A043-7119-4CBD-AFDD-6BAF77607826}.Debug|Any CPU.ActiveCfg = Debug|Any CPU
		{D308A043-7119-4CBD-AFDD-6BAF77607826}.Debug|Any CPU.Build.0 = Debug|Any CPU
		{D308A043-7119-4CBD-AFDD-6BAF77607826}.Debug|x64.ActiveCfg = Debug|Any CPU
		{D308A043-7119-4CBD-AFDD-6BAF77607826}.Debug|x64.Build.0 = Debug|Any CPU
		{D308A043-7119-4CBD-AFDD-6BAF77607826}.Debug|x86.ActiveCfg = Debug|Any CPU
		{D308A043-7119-4CBD-AFDD-6BAF77607826}.Debug|x86.Build.0 = Debug|Any CPU
		{D308A043-7119-4CBD-AFDD-6BAF77607826}.Release|Any CPU.ActiveCfg = Release|Any CPU
		{D308A043-7119-4CBD-AFDD-6BAF77607826}.Release|Any CPU.Build.0 = Release|Any CPU
		{D308A043-7119-4CBD-AFDD-6BAF77607826}.Release|x64.ActiveCfg = Release|Any CPU
		{D308A043-7119-4CBD-AFDD-6BAF77607826}.Release|x64.Build.0 = Release|Any CPU
		{D308A043-7119-4CBD-AFDD-6BAF77607826}.Release|x86.ActiveCfg = Release|Any CPU
		{D308A043-7119-4CBD-AFDD-6BAF77607826}.Release|x86.Build.0 = Release|Any CPU
	EndGlobalSection
	GlobalSection(SolutionProperties) = preSolution
		HideSolutionNode = FALSE
	EndGlobalSection
	GlobalSection(NestedProjects) = preSolution
		{0FDF6A57-CCC1-469E-BC7E-34ACD9921847} = {1A676AAA-69D1-4200-BE90-7B37C283421E}
		{97BAA786-237F-4B17-A87B-F5A5047AE76C} = {356E6292-C991-4133-9AD2-54A4A3FD5B66}
		{ACCD1D78-DA9E-471C-B1B3-981B2FEBA02D} = {1A676AAA-69D1-4200-BE90-7B37C283421E}
		{D308A043-7119-4CBD-AFDD-6BAF77607826} = {1A676AAA-69D1-4200-BE90-7B37C283421E}
	EndGlobalSection
	GlobalSection(ExtensibilityGlobals) = postSolution
		SolutionGuid = {B76577B1-BE46-4AFD-9822-244124C362DB}
	EndGlobalSection
EndGlobal
